
Microsoft Visual Studio Solution File, Format Version 12.00
# Visual Studio Version 17
VisualStudioVersion = 17.1.32414.318
MinimumVisualStudioVersion = 10.0.40219.1
Project("{FAE04EC0-301F-11D3-BF4B-00C04F79EFBC}") = "Exercise-4", "Exercise-4\Exercise-4.csproj", "{CA8FBA7E-98E8-4EA8-964C-165BEB69450B}"
EndProject
Global
	GlobalSection(SolutionConfigurationPlatforms) = preSolution
		Debug|Any CPU = Debug|Any CPU
		Release|Any CPU = Release|Any CPU
	EndGlobalSection
	GlobalSection(ProjectConfigurationPlatforms) = postSolution
		{CA8FBA7E-98E8-4EA8-964C-165BEB69450B}.Debug|Any CPU.ActiveCfg = Debug|Any CPU
		{CA8FBA7E-98E8-4EA8-964C-165BEB69450B}.Debug|Any CPU.Build.0 = Debug|Any CPU
		{CA8FBA7E-98E8-4EA8-964C-165BEB69450B}.Release|Any CPU.ActiveCfg = Release|Any CPU
		{CA8FBA7E-98E8-4EA8-964C-165BEB69450B}.Release|Any CPU.Build.0 = Release|Any CPU
	EndGlobalSection
	GlobalSection(SolutionProperties) = preSolution
		HideSolutionNode = FALSE
	EndGlobalSection
	GlobalSection(ExtensibilityGlobals) = postSolution
		SolutionGuid = {1CC5214D-D4C5-47A7-BA84-8D1AE4D25CBE}
	EndGlobalSection
EndGlobal
